Microsoft Visual Studio Solution File, Format Version 12.00
# Visual Studio 2012
Project("{FAE04EC0-301F-11D3-BF4B-00C04F79EFBC}") = "Laberinto de los Ecos", "Laberinto de los Ecos.csproj", "{4C3B839B-28E8-4FE9-A3EE-11932067B128}"
EndProject
Global
	GlobalSection(SolutionConfigurationPlatforms) = preSolution
	Debug|Any CPU = Debug|Any CPU
	ExportDebug|Any CPU = ExportDebug|Any CPU
	ExportRelease|Any CPU = ExportRelease|Any CPU
	EndGlobalSection
	GlobalSection(ProjectConfigurationPlatforms) = postSolution
		{4C3B839B-28E8-4FE9-A3EE-11932067B128}.Debug|Any CPU.ActiveCfg = Debug|Any CPU
		{4C3B839B-28E8-4FE9-A3EE-11932067B128}.Debug|Any CPU.Build.0 = Debug|Any CPU
		{4C3B839B-28E8-4FE9-A3EE-11932067B128}.ExportDebug|Any CPU.ActiveCfg = ExportDebug|Any CPU
		{4C3B839B-28E8-4FE9-A3EE-11932067B128}.ExportDebug|Any CPU.Build.0 = ExportDebug|Any CPU
		{4C3B839B-28E8-4FE9-A3EE-11932067B128}.ExportRelease|Any CPU.ActiveCfg = ExportRelease|Any CPU
		{4C3B839B-28E8-4FE9-A3EE-11932067B128}.ExportRelease|Any CPU.Build.0 = ExportRelease|Any CPU
	EndGlobalSection
EndGlobal
